// !$*UTF8*$!
{
	archiveVersion = 1;
	classes = {
	};
	objectVersion = 56;
	objects = {

/* Begin PBXBuildFile section */
		C0F0FEA13047CA290085AF71 /* Lab02_CondicionalesApp.swift in Sources */ = {isa = PBXBuildFile; fileRef = C0F0FEA03047CA290085AF71 /* Lab02_CondicionalesApp.swift */; };
		C0F0FEA33047CA290085AF71 /* ContentView.swift in Sources */ = {isa = PBXBuildFile; fileRef = C0F0FEA23047CA290085AF71 /* ContentView.swift */; };
		C0F0FEA53047CA300085AF71 /* Assets.xcassets in Resources */ = {isa = PBXBuildFile; fileRef = C0F0FEA43047CA300085AF71 /* Assets.xcassets */; };
		C0F0FEA83047CA300085AF71 /* Preview Assets.xcassets in Resources */ = {isa = PBXBuildFile; fileRef = C0F0FEA73047CA300085AF71 /* Preview Assets.xcassets */; };
		C0F0FEB23047CA300085AF71 /* Lab02_CondicionalesTests.swift in Sources */ = {isa = PBXBuildFile; fileRef = C0F0FEB13047CA300085AF71 /* Lab02_CondicionalesTests.swift */; };
		C0F0FEBC3047CA310085AF71 /* Lab02_CondicionalesUITests.swift in Sources */ = {isa = PBXBuildFile; fileRef = C0F0FEBB3047CA310085AF71 /* Lab02_CondicionalesUITests.swift */; };
		C0F0FEBE3047CA310085AF71 /* Lab02_CondicionalesUITestsLaunchTests.swift in Sources */ = {isa = PBXBuildFile; fileRef = C0F0FEBD3047CA310085AF71 /* Lab02_CondicionalesUITestsLaunchTests.swift */; };
/* End PBXBuildFile section */

/* Begin PBXContainerItemProxy section */
		C0F0FEAE3047CA300085AF71 /* PBXContainerItemProxy */ = {
			isa = PBXContainerItemProxy;
			containerPortal = C0F0FE953047CA280085AF71 /* Project object */;
			proxyType = 1;
			remoteGlobalIDString = C0F0FE9C3047CA290085AF71;
			remoteInfo = Lab02_Condicionales;
		};
		C0F0FEB83047CA310085AF71 /* PBXContainerItemProxy */ = {
			isa = PBXContainerItemProxy;
			containerPortal = C0F0FE953047CA280085AF71 /* Project object */;
			proxyType = 1;
			remoteGlobalIDString = C0F0FE9C3047CA290085AF71;
			remoteInfo = Lab02_Condicionales;
		};
/* End PBXContainerItemProxy section */

/* Begin PBXFileReference section */
		C0F0FE9D3047CA290085AF71 /* Lab02_Condicionales.app */ = {isa = PBXFileReference; explicitFileType = wrapper.application; includeInIndex = 0; path = Lab02_Condicionales.app; sourceTree = BUILT_PRODUCTS_DIR; };
		C0F0FEA03047CA290085AF71 /* Lab02_CondicionalesApp.swift */ = {isa = PBXFileReference; lastKnownFileType = sourcecode.swift; path = Lab02_CondicionalesApp.swift; sourceTree = "<group>"; };
		C0F0FEA23047CA290085AF71 /* ContentView.swift */ = {isa = PBXFileReference; lastKnownFileType = sourcecode.swift; path = ContentView.swift; sourceTree = "<group>"; };
		C0F0FEA43047CA300085AF71 /* Assets.xcassets */ = {isa = PBXFileReference; lastKnownFileType = folder.assetcatalog; path = Assets.xcassets; sourceTree = "<group>"; };
		C0F0FEA73047CA300085AF71 /* Preview Assets.xcassets */ = {isa = PBXFileReference; lastKnownFileType = folder.assetcatalog; path = "Preview Assets.xcassets"; sourceTree = "<group>"; };
		C0F0FEAD3047CA300085AF71 /* Lab02_CondicionalesTests.xctest */ = {isa = PBXFileReference; explicitFileType = wrapper.cfbundle; includeInIndex = 0; path = Lab02_CondicionalesTests.xctest; sourceTree = BUILT_PRODUCTS_DIR; };
		C0F0FEB13047CA300085AF71 /* Lab02_CondicionalesTests.swift */ = {isa = PBXFileReference; lastKnownFileType = sourcecode.swift; path = Lab02_CondicionalesTests.swift; sourceTree = "<group>"; };
		C0F0FEB73047CA310085AF71 /* Lab02_CondicionalesUITests.xctest */ = {isa = PBXFileReference; explicitFileType = wrapper.cfbundle; includeInIndex = 0; path = Lab02_CondicionalesUITests.xctest; sourceTree = BUILT_PRODUCTS_DIR; };
		C0F0FEBB3047CA310085AF71 /* Lab02_CondicionalesUITests.swift */ = {isa = PBXFileReference; lastKnownFileType = sourcecode.swift; path = Lab02_CondicionalesUITests.swift; sourceTree = "<group>"; };
		C0F0FEBD3047CA310085AF71 /* Lab02_CondicionalesUITestsLaunchTests.swift */ = {isa = PBXFileReference; lastKnownFileType = sourcecode.swift; path = Lab02_CondicionalesUITestsLaunchTests.swift; sourceTree = "<group>"; };
		C0F0FECA3047CA8B0085AF71 /* Ejercicios.playground */ = {isa = PBXFileReference; lastKnownFileType = file.playground; path = Ejercicios.playground; sourceTree = SOURCE_ROOT; xcLanguageSpecificationIdentifier = xcode.lang.swift; };
/* End PBXFileReference section */

/* Begin PBXFrameworksBuildPhase section */
		C0F0FE9A3047CA290085AF71 /* Frameworks */ = {
			isa = PBXFrameworksBuildPhase;
			buildActionMask = 2147483647;
			files = (
			);
			runOnlyForDeploymentPostprocessing = 0;
		};
		C0F0FEAA3047CA300085AF71 /* Frameworks */ = {
			isa = PBXFrameworksBuildPhase;
			buildActionMask = 2147483647;
			files = (
			);
			runOnlyForDeploymentPostprocessing = 0;
		};
		C0F0FEB43047CA310085AF71 /* Frameworks */ = {
			isa = PBXFrameworksBuildPhase;
			buildActionMask = 2147483647;
			files = (
			);
			runOnlyForDeploymentPostprocessing = 0;
		};
/* End PBXFrameworksBuildPhase section */

/* Begin PBXGroup section */
		C0F0FE943047CA280085AF71 = {
			isa = PBXGroup;
			children = (
				C0F0FE9F3047CA290085AF71 /* Lab02_Condicionales */,
				C0F0FEB03047CA300085AF71 /* Lab02_CondicionalesTests */,
				C0F0FEBA3047CA310085AF71 /* Lab02_CondicionalesUITests */,
				C0F0FE9E3047CA290085AF71 /* Products */,
			);
			sourceTree = "<group>";
		};
		C0F0FE9E3047CA290085AF71 /* Products */ = {
			isa = PBXGroup;
			children = (
				C0F0FE9D3047CA290085AF71 /* Lab02_Condicionales.app */,
				C0F0FEAD3047CA300085AF71 /* Lab02_CondicionalesTests.xctest */,
				C0F0FEB73047CA310085AF71 /* Lab02_CondicionalesUITests.xctest */,
			);
			name = Products;
			sourceTree = "<group>";
		};
		C0F0FE9F3047CA290085AF71 /* Lab02_Condicionales */ = {
			isa = PBXGroup;
			children = (
				C0F0FECA3047CA8B0085AF71 /* Ejercicios.playground */,
				C0F0FEA03047CA290085AF71 /* Lab02_CondicionalesApp.swift */,
				C0F0FEA23047CA290085AF71 /* ContentView.swift */,
				C0F0FEA43047CA300085AF71 /* Assets.xcassets */,
				C0F0FEA63047CA300085AF71 /* Preview Content */,
			);
			path = Lab02_Condicionales;
			sourceTree = "<group>";
		};
		C0F0FEA63047CA300085AF71 /* Preview Content */ = {
			isa = PBXGroup;
			children = (
				C0F0FEA73047CA300085AF71 /* Preview Assets.xcassets */,
			);
			path = "Preview Content";
			sourceTree = "<group>";
		};
		C0F0FEB03047CA300085AF71 /* Lab02_CondicionalesTests */ = {
			isa = PBXGroup;
			children = (
				C0F0FEB13047CA300085AF71 /* Lab02_CondicionalesTests.swift */,
			);
			path = Lab02_CondicionalesTests;
			sourceTree = "<group>";
		};
		C0F0FEBA3047CA310085AF71 /* Lab02_CondicionalesUITests */ = {
			isa = PBXGroup;
			children = (
				C0F0FEBB3047CA310085AF71 /* Lab02_CondicionalesUITests.swift */,
				C0F0FEBD3047CA310085AF71 /* Lab02_CondicionalesUITestsLaunchTests.swift */,
			);
			path = Lab02_CondicionalesUITests;
			sourceTree = "<group>";
		};
/* End PBXGroup section */

/* Begin PBXNativeTarget section */
		C0F0FE9C3047CA290085AF71 /* Lab02_Condicionales */ = {
			isa = PBXNativeTarget;
			buildConfigurationList = C0F0FEC13047CA310085AF71 /* Build configuration list for PBXNativeTarget "Lab02_Condicionales" */;
			buildPhases = (
				C0F0FE993047CA290085AF71 /* Sources */,
				C0F0FE9A3047CA290085AF71 /* Frameworks */,
				C0F0FE9B3047CA290085AF71 /* Resources */,
			);
			buildRules = (
			);
			dependencies = (
			);
			name = Lab02_Condicionales;
			productName = Lab02_Condicionales;
			productReference = C0F0FE9D3047CA290085AF71 /* Lab02_Condicionales.app */;
			productType = "com.apple.product-type.application";
		};
		C0F0FEAC3047CA300085AF71 /* Lab02_CondicionalesTests */ = {
			isa = PBXNativeTarget;
			buildConfigurationList = C0F0FEC43047CA310085AF71 /* Build configuration list for PBXNativeTarget "Lab02_CondicionalesTests" */;
			buildPhases = (
				C0F0FEA93047CA300085AF71 /* Sources */,
				C0F0FEAA3047CA300085AF71 /* Frameworks */,
				C0F0FEAB3047CA300085AF71 /* Resources */,
			);
			buildRules = (
			);
			dependencies = (
				C0F0FEAF3047CA300085AF71 /* PBXTargetDependency */,
			);
			name = Lab02_CondicionalesTests;
			productName = Lab02_CondicionalesTests;
			productReference = C0F0FEAD3047CA300085AF71 /* Lab02_CondicionalesTests.xctest */;
			productType = "com.apple.product-type.bundle.unit-test";
		};
		C0F0FEB63047CA310085AF71 /* Lab02_CondicionalesUITests */ = {
			isa = PBXNativeTarget;
			buildConfigurationList = C0F0FEC73047CA310085AF71 /* Build configuration list for PBXNativeTarget "Lab02_CondicionalesUITests" */;
			buildPhases = (
				C0F0FEB33047CA310085AF71 /* Sources */,
				C0F0FEB43047CA310085AF71 /* Frameworks */,
				C0F0FEB53047CA310085AF71 /* Resources */,
			);
			buildRules = (
			);
			dependencies = (
				C0F0FEB93047CA310085AF71 /* PBXTargetDependency */,
			);
			name = Lab02_CondicionalesUITests;
			productName = Lab02_CondicionalesUITests;
			productReference = C0F0FEB73047CA310085AF71 /* Lab02_CondicionalesUITests.xctest */;
			productType = "com.apple.product-type.bundle.ui-testing";
		};
/* End PBXNativeTarget section */

/* Begin PBXProject section */
		C0F0FE953047CA280085AF71 /* Project object */ = {
			isa = PBXProject;
			attributes = {
				BuildIndependentTargetsInParallel = 1;
				LastSwiftUpdateCheck = 1540;
				LastUpgradeCheck = 1540;
				TargetAttributes = {
					C0F0FE9C3047CA290085AF71 = {
						CreatedOnToolsVersion = 15.4;
					};
					C0F0FEAC3047CA300085AF71 = {
						CreatedOnToolsVersion = 15.4;
						TestTargetID = C0F0FE9C3047CA290085AF71;
					};
					C0F0FEB63047CA310085AF71 = {
						CreatedOnToolsVersion = 15.4;
						TestTargetID = C0F0FE9C3047CA290085AF71;
					};
				};
			};
			buildConfigurationList = C0F0FE983047CA280085AF71 /* Build configuration list for PBXProject "Lab02_Condicionales" */;
			compatibilityVersion = "Xcode 14.0";
			developmentRegion = en;
			hasScannedForEncodings = 0;
			knownRegions = (
				en,
				Base,
			);
			mainGroup = C0F0FE943047CA280085AF71;
			productRefGroup = C0F0FE9E3047CA290085AF71 /* Products */;
			projectDirPath = "";
			projectRoot = "";
			targets = (
				C0F0FE9C3047CA290085AF71 /* Lab02_Condicionales */,
				C0F0FEAC3047CA300085AF71 /* Lab02_CondicionalesTests */,
				C0F0FEB63047CA310085AF71 /* Lab02_CondicionalesUITests */,
			);
		};
/* End PBXProject section */

/* Begin PBXResourcesBuildPhase section */
		C0F0FE9B3047CA290085AF71 /* Resources */ = {
			isa = PBXResourcesBuildPhase;
			buildActionMask = 2147483647;
			files = (
				C0F0FEA83047CA300085AF71 /* Preview Assets.xcassets in Resources */,
				C0F0FEA53047CA300085AF71 /* Assets.xcassets in Resources */,
			);
			runOnlyForDeploymentPostprocessing = 0;
		};
		C0F0FEAB3047CA300085AF71 /* Resources */ = {
			isa = PBXResourcesBuildPhase;
			buildActionMask = 2147483647;
			files = (
			);
			runOnlyForDeploymentPostprocessing = 0;
		};
		C0F0FEB53047CA310085AF71 /* Resources */ = {
			isa = PBXResourcesBuildPhase;
			buildActionMask = 2147483647;
			files = (
			);
			runOnlyForDeploymentPostprocessing = 0;
		};
/* End PBXResourcesBuildPhase section */

/* Begin PBXSourcesBuildPhase section */
		C0F0FE993047CA290085AF71 /* Sources */ = {
			isa = PBXSourcesBuildPhase;
			buildActionMask = 2147483647;
			files = (
				C0F0FEA33047CA290085AF71 /* ContentView.swift in Sources */,
				C0F0FEA13047CA290085AF71 /* Lab02_CondicionalesApp.swift in Sources */,
			);
			runOnlyForDeploymentPostprocessing = 0;
		};
		C0F0FEA93047CA300085AF71 /* Sources */ = {
			isa = PBXSourcesBuildPhase;
			buildActionMask = 2147483647;
			files = (
				C0F0FEB23047CA300085AF71 /* Lab02_CondicionalesTests.swift in Sources */,
			);
			runOnlyForDeploymentPostprocessing = 0;
		};
		C0F0FEB33047CA310085AF71 /* Sources */ = {
			isa = PBXSourcesBuildPhase;
			buildActionMask = 2147483647;
			files = (
				C0F0FEBE3047CA310085AF71 /* Lab02_CondicionalesUITestsLaunchTests.swift in Sources */,
				C0F0FEBC3047CA310085AF71 /* Lab02_CondicionalesUITests.swift in Sources */,
			);
			runOnlyForDeploymentPostprocessing = 0;
		};
/* End PBXSourcesBuildPhase section */

/* Begin PBXTargetDependency section */
		C0F0FEAF3047CA300085AF71 /* PBXTargetDependency */ = {
			isa = PBXTargetDependency;
			target = C0F0FE9C3047CA290085AF71 /* Lab02_Condicionales */;
			targetProxy = C0F0FEAE3047CA300085AF71 /* PBXContainerItemProxy */;
		};
		C0F0FEB93047CA310085AF71 /* PBXTargetDependency */ = {
			isa = PBXTargetDependency;
			target = C0F0FE9C3047CA290085AF71 /* Lab02_Condicionales */;
			targetProxy = C0F0FEB83047CA310085AF71 /* PBXContainerItemProxy */;
		};
/* End PBXTargetDependency section */

/* Begin XCBuildConfiguration section */
		C0F0FEBF3047CA310085AF71 /* Debug */ = {
			isa = XCBuildConfiguration;
			buildSettings = {
				ALWAYS_SEARCH_USER_PATHS = NO;
				ASSETCATALOG_COMPILER_GENERATE_SWIFT_ASSET_SYMBOL_EXTENSIONS = YES;
				CLANG_ANALYZER_NONNULL = YES;
				CLANG_ANALYZER_NUMBER_OBJECT_CONVERSION = YES_AGGRESSIVE;
				CLANG_CXX_LANGUAGE_STANDARD = "gnu++20";
				CLANG_ENABLE_MODULES = YES;
				CLANG_ENABLE_OBJC_ARC = YES;
				CLANG_ENABLE_OBJC_WEAK = YES;
				CLANG_WARN_BLOCK_CAPTURE_AUTORELEASING = YES;
				CLANG_WARN_BOOL_CONVERSION = YES;
				CLANG_WARN_COMMA = YES;
				CLANG_WARN_CONSTANT_CONVERSION = YES;
				CLANG_WARN_DEPRECATED_OBJC_IMPLEMENTATIONS = YES;
				CLANG_WARN_DIRECT_OBJC_ISA_USAGE = YES_ERROR;
				CLANG_WARN_DOCUMENTATION_COMMENTS = YES;
				CLANG_WARN_EMPTY_BODY = YES;
				CLANG_WARN_ENUM_CONVERSION = YES;
				CLANG_WARN_INFINITE_RECURSION = YES;
				CLANG_WARN_INT_CONVERSION = YES;
				CLANG_WARN_NON_LITERAL_NULL_CONVERSION = YES;
				CLANG_WARN_OBJC_IMPLICIT_RETAIN_SELF = YES;
				CLANG_WARN_OBJC_LITERAL_CONVERSION = YES;
				CLANG_WARN_OBJC_ROOT_CLASS = YES_ERROR;
				CLANG_WARN_QUOTED_INCLUDE_IN_FRAMEWORK_HEADER = YES;
				CLANG_WARN_RANGE_LOOP_ANALYSIS = YES;
				CLANG_WARN_STRICT_PROTOTYPES = YES;
				CLANG_WARN_SUSPICIOUS_MOVE = YES;
				CLANG_WARN_UNGUARDED_AVAILABILITY = YES_AGGRESSIVE;
				CLANG_WARN_UNREACHABLE_CODE = YES;
				CLANG_WARN__DUPLICATE_METHOD_MATCH = YES;
				COPY_PHASE_STRIP = NO;
				DEBUG_INFORMATION_FORMAT = dwarf;
				ENABLE_STRICT_OBJC_MSGSEND = YES;
				ENABLE_TESTABILITY = YES;
				ENABLE_USER_SCRIPT_SANDBOXING = YES;
				GCC_C_LANGUAGE_STANDARD = gnu17;
				GCC_DYNAMIC_NO_PIC = NO;
				GCC_NO_COMMON_BLOCKS = YES;
				GCC_OPTIMIZATION_LEVEL = 0;
				GCC_PREPROCESSOR_DEFINITIONS = (
					"DEBUG=1",
					"$(inherited)",
				);
				GCC_WARN_64_TO_32_BIT_CONVERSION = YES;
				GCC_WARN_ABOUT_RETURN_TYPE = YES_ERROR;
				GCC_WARN_UNDECLARED_SELECTOR = YES;
				GCC_WARN_UNINITIALIZED_AUTOS = YES_AGGRESSIVE;
				GCC_WARN_UNUSED_FUNCTION = YES;
				GCC_WARN_UNUSED_VARIABLE = YES;
				IPHONEOS_DEPLOYMENT_TARGET = 17.5;
				LOCALIZATION_PREFERS_STRING_CATALOGS = YES;
				MTL_ENABLE_DEBUG_INFO = INCLUDE_SOURCE;
				MTL_FAST_MATH = YES;
				ONLY_ACTIVE_ARCH = YES;
				SDKROOT = iphoneos;
				SWIFT_ACTIVE_COMPILATION_CONDITIONS = "DEBUG $(inherited)";
				SWIFT_OPTIMIZATION_LEVEL = "-Onone";
			};
			name = Debug;
		};
		C0F0FEC03047CA310085AF71 /* Release */ = {
			isa = XCBuildConfiguration;
			buildSettings = {
				ALWAYS_SEARCH_USER_PATHS = NO;
				ASSETCATALOG_COMPILER_GENERATE_SWIFT_ASSET_SYMBOL_EXTENSIONS = YES;
				CLANG_ANALYZER_NONNULL = YES;
				CLANG_ANALYZER_NUMBER_OBJECT_CONVERSION = YES_AGGRESSIVE;
				CLANG_CXX_LANGUAGE_STANDARD = "gnu++20";
				CLANG_ENABLE_MODULES = YES;
				CLANG_ENABLE_OBJC_ARC = YES;
				CLANG_ENABLE_OBJC_WEAK = YES;
				CLANG_WARN_BLOCK_CAPTURE_AUTORELEASING = YES;
				CLANG_WARN_BOOL_CONVERSION = YES;
				CLANG_WARN_COMMA = YES;
				CLANG_WARN_CONSTANT_CONVERSION = YES;
				CLANG_WARN_DEPRECATED_OBJC_IMPLEMENTATIONS = YES;
				CLANG_WARN_DIRECT_OBJC_ISA_USAGE = YES_ERROR;
				CLANG_WARN_DOCUMENTATION_COMMENTS = YES;
				CLANG_WARN_EMPTY_BODY = YES;
				CLANG_WARN_ENUM_CONVERSION = YES;
				CLANG_WARN_INFINITE_RECURSION = YES;
				CLANG_WARN_INT_CONVERSION = YES;
				CLANG_WARN_NON_LITERAL_NULL_CONVERSION = YES;
				CLANG_WARN_OBJC_IMPLICIT_RETAIN_SELF = YES;
				CLANG_WARN_OBJC_LITERAL_CONVERSION = YES;
				CLANG_WARN_OBJC_ROOT_CLASS = YES_ERROR;
				CLANG_WARN_QUOTED_INCLUDE_IN_FRAMEWORK_HEADER = YES;
				CLANG_WARN_RANGE_LOOP_ANALYSIS = YES;
				CLANG_WARN_STRICT_PROTOTYPES = YES;
				CLANG_WARN_SUSPICIOUS_MOVE = YES;
				CLANG_WARN_UNGUARDED_AVAILABILITY = YES_AGGRESSIVE;
				CLANG_WARN_UNREACHABLE_CODE = YES;
				CLANG_WARN__DUPLICATE_METHOD_MATCH = YES;
				COPY_PHASE_STRIP = NO;
				DEBUG_INFORMATION_FORMAT = "dwarf-with-dsym";
				ENABLE_NS_ASSERTIONS = NO;
				ENABLE_STRICT_OBJC_MSGSEND = YES;
				ENABLE_USER_SCRIPT_SANDBOXING = YES;
				GCC_C_LANGUAGE_STANDARD = gnu17;
				GCC_NO_COMMON_BLOCKS = YES;
				GCC_WARN_64_TO_32_BIT_CONVERSION = YES;
				GCC_WARN_ABOUT_RETURN_TYPE = YES_ERROR;
				GCC_WARN_UNDECLARED_SELECTOR = YES;
				GCC_WARN_UNINITIALIZED_AUTOS = YES_AGGRESSIVE;
				GCC_WARN_UNUSED_FUNCTION = YES;
				GCC_WARN_UNUSED_VARIABLE = YES;
				IPHONEOS_DEPLOYMENT_TARGET = 17.5;
				LOCALIZATION_PREFERS_STRING_CATALOGS = YES;
				MTL_ENABLE_DEBUG_INFO = NO;
				MTL_FAST_MATH = YES;
				SDKROOT = iphoneos;
				SWIFT_COMPILATION_MODE = wholemodule;
				VALIDATE_PRODUCT = YES;
			};
			name = Release;
		};
		C0F0FEC23047CA310085AF71 /* Debug */ = {
			isa = XCBuildConfiguration;
			buildSettings = {
				ASSETCATALOG_COMPILER_APPICON_NAME = AppIcon;
				ASSETCATALOG_COMPILER_GLOBAL_ACCENT_COLOR_NAME = AccentColor;
				CODE_SIGN_STYLE = Automatic;
				CURRENT_PROJECT_VERSION = 1;
				DEVELOPMENT_ASSET_PATHS = "\"Lab02_Condicionales/Preview Content\"";
				DEVELOPMENT_TEAM = KDXDV8LP4S;
				ENABLE_PREVIEWS = YES;
				GENERATE_INFOPLIST_FILE = YES;
				INFOPLIST_KEY_UIApplicationSceneManifest_Generation = YES;
				INFOPLIST_KEY_UIApplicationSupportsIndirectInputEvents = YES;
				INFOPLIST_KEY_UILaunchScreen_Generation = YES;
				INFOPLIST_KEY_UISupportedInterfaceOrientations_iPad = "UIInterfaceOrientationPortrait UIInterfaceOrientationPortraitUpsideDown UIInterfaceOrientationLandscapeLeft UIInterfaceOrientationLandscapeRight";
				INFOPLIST_KEY_UISupportedInterfaceOrientations_iPhone = "UIInterfaceOrientationPortrait UIInterfaceOrientationLandscapeLeft UIInterfaceOrientationLandscapeRight";
				LD_RUNPATH_SEARCH_PATHS = (
					"$(inherited)",
					"@executable_path/Frameworks",
				);
				MARKETING_VERSION = 1.0;
				PRODUCT_BUNDLE_IDENTIFIER = "GabrielHaro.Lab02-Condicionales";
				PRODUCT_NAME = "$(TARGET_NAME)";
				SWIFT_EMIT_LOC_STRINGS = YES;
				SWIFT_VERSION = 5.0;
				TARGETED_DEVICE_FAMILY = "1,2";
			};
			name = Debug;
		};
		C0F0FEC33047CA310085AF71 /* Release */ = {
			isa = XCBuildConfiguration;
			buildSettings = {
				ASSETCATALOG_COMPILER_APPICON_NAME = AppIcon;
				ASSETCATALOG_COMPILER_GLOBAL_ACCENT_COLOR_NAME = AccentColor;
				CODE_SIGN_STYLE = Automatic;
				CURRENT_PROJECT_VERSION = 1;
				DEVELOPMENT_ASSET_PATHS = "\"Lab02_Condicionales/Preview Content\"";
				DEVELOPMENT_TEAM = KDXDV8LP4S;
				ENABLE_PREVIEWS = YES;
				GENERATE_INFOPLIST_FILE = YES;
				INFOPLIST_KEY_UIApplicationSceneManifest_Generation = YES;
				INFOPLIST_KEY_UIApplicationSupportsIndirectInputEvents = YES;
				INFOPLIST_KEY_UILaunchScreen_Generation = YES;
				INFOPLIST_KEY_UISupportedInterfaceOrientations_iPad = "UIInterfaceOrientationPortrait UIInterfaceOrientationPortraitUpsideDown UIInterfaceOrientationLandscapeLeft UIInterfaceOrientationLandscapeRight";
				INFOPLIST_KEY_UISupportedInterfaceOrientations_iPhone = "UIInterfaceOrientationPortrait UIInterfaceOrientationLandscapeLeft UIInterfaceOrientationLandscapeRight";
				LD_RUNPATH_SEARCH_PATHS = (
					"$(inherited)",
					"@executable_path/Frameworks",
				);
				MARKETING_VERSION = 1.0;
				PRODUCT_BUNDLE_IDENTIFIER = "GabrielHaro.Lab02-Condicionales";
				PRODUCT_NAME = "$(TARGET_NAME)";
				SWIFT_EMIT_LOC_STRINGS = YES;
				SWIFT_VERSION = 5.0;
				TARGETED_DEVICE_FAMILY = "1,2";
			};
			name = Release;
		};
		C0F0FEC53047CA310085AF71 /* Debug */ = {
			isa = XCBuildConfiguration;
			buildSettings = {
				ALWAYS_EMBED_SWIFT_STANDARD_LIBRARIES = YES;
				BUNDLE_LOADER = "$(TEST_HOST)";
				CODE_SIGN_STYLE = Automatic;
				CURRENT_PROJECT_VERSION = 1;
				DEVELOPMENT_TEAM = KDXDV8LP4S;
				GENERATE_INFOPLIST_FILE = YES;
				IPHONEOS_DEPLOYMENT_TARGET = 17.5;
				MARKETING_VERSION = 1.0;
				PRODUCT_BUNDLE_IDENTIFIER = "GabrielHaro.Lab02-CondicionalesTests";
				PRODUCT_NAME = "$(TARGET_NAME)";
				SWIFT_EMIT_LOC_STRINGS = NO;
				SWIFT_VERSION = 5.0;
				TARGETED_DEVICE_FAMILY = "1,2";
				TEST_HOST = "$(BUILT_PRODUCTS_DIR)/Lab02_Condicionales.app/$(BUNDLE_EXECUTABLE_FOLDER_PATH)/Lab02_Condicionales";
			};
			name = Debug;
		};
		C0F0FEC63047CA310085AF71 /* Release */ = {
			isa = XCBuildConfiguration;
			buildSettings = {
				ALWAYS_EMBED_SWIFT_STANDARD_LIBRARIES = YES;
				BUNDLE_LOADER = "$(TEST_HOST)";
				CODE_SIGN_STYLE = Automatic;
				CURRENT_PROJECT_VERSION = 1;
				DEVELOPMENT_TEAM = KDXDV8LP4S;
				GENERATE_INFOPLIST_FILE = YES;
				IPHONEOS_DEPLOYMENT_TARGET = 17.5;
				MARKETING_VERSION = 1.0;
				PRODUCT_BUNDLE_IDENTIFIER = "GabrielHaro.Lab02-CondicionalesTests";
				PRODUCT_NAME = "$(TARGET_NAME)";
				SWIFT_EMIT_LOC_STRINGS = NO;
				SWIFT_VERSION = 5.0;
				TARGETED_DEVICE_FAMILY = "1,2";
				TEST_HOST = "$(BUILT_PRODUCTS_DIR)/Lab02_Condicionales.app/$(BUNDLE_EXECUTABLE_FOLDER_PATH)/Lab02_Condicionales";
			};
			name = Release;
		};
		C0F0FEC83047CA310085AF71 /* Debug */ = {
			isa = XCBuildConfiguration;
			buildSettings = {
				ALWAYS_EMBED_SWIFT_STANDARD_LIBRARIES = YES;
				CODE_SIGN_STYLE = Automatic;
				CURRENT_PROJECT_VERSION = 1;
				DEVELOPMENT_TEAM = KDXDV8LP4S;
				GENERATE_INFOPLIST_FILE = YES;
				MARKETING_VERSION = 1.0;
				PRODUCT_BUNDLE_IDENTIFIER = "GabrielHaro.Lab02-CondicionalesUITests";
				PRODUCT_NAME = "$(TARGET_NAME)";
				SWIFT_EMIT_LOC_STRINGS = NO;
				SWIFT_VERSION = 5.0;
				TARGETED_DEVICE_FAMILY = "1,2";
				TEST_TARGET_NAME = Lab02_Condicionales;
			};
			name = Debug;
		};
		C0F0FEC93047CA310085AF71 /* Release */ = {
			isa = XCBuildConfiguration;
			buildSettings = {
				ALWAYS_EMBED_SWIFT_STANDARD_LIBRARIES = YES;
				CODE_SIGN_STYLE = Automatic;
				CURRENT_PROJECT_VERSION = 1;
				DEVELOPMENT_TEAM = KDXDV8LP4S;
				GENERATE_INFOPLIST_FILE = YES;
				MARKETING_VERSION = 1.0;
				PRODUCT_BUNDLE_IDENTIFIER = "GabrielHaro.Lab02-CondicionalesUITests";
				PRODUCT_NAME = "$(TARGET_NAME)";
				SWIFT_EMIT_LOC_STRINGS = NO;
				SWIFT_VERSION = 5.0;
				TARGETED_DEVICE_FAMILY = "1,2";
				TEST_TARGET_NAME = Lab02_Condicionales;
			};
			name = Release;
		};
/* End XCBuildConfiguration section */

/* Begin XCConfigurationList section */
		C0F0FE983047CA280085AF71 /* Build configuration list for PBXProject "Lab02_Condicionales" */ = {
			isa = XCConfigurationList;
			buildConfigurations = (
				C0F0FEBF3047CA310085AF71 /* Debug */,
				C0F0FEC03047CA310085AF71 /* Release */,
			);
			defaultConfigurationIsVisible = 0;
			defaultConfigurationName = Release;
		};
		C0F0FEC13047CA310085AF71 /* Build configuration list for PBXNativeTarget "Lab02_Condicionales" */ = {
			isa = XCConfigurationList;
			buildConfigurations = (
				C0F0FEC23047CA310085AF71 /* Debug */,
				C0F0FEC33047CA310085AF71 /* Release */,
			);
			defaultConfigurationIsVisible = 0;
			defaultConfigurationName = Release;
		};
		C0F0FEC43047CA310085AF71 /* Build configuration list for PBXNativeTarget "Lab02_CondicionalesTests" */ = {
			isa = XCConfigurationList;
			buildConfigurations = (
				C0F0FEC53047CA310085AF71 /* Debug */,
				C0F0FEC63047CA310085AF71 /* Release */,
			);
			defaultConfigurationIsVisible = 0;
			defaultConfigurationName = Release;
		};
		C0F0FEC73047CA310085AF71 /* Build configuration list for PBXNativeTarget "Lab02_CondicionalesUITests" */ = {
			isa = XCConfigurationList;
			buildConfigurations = (
				C0F0FEC83047CA310085AF71 /* Debug */,
				C0F0FEC93047CA310085AF71 /* Release */,
			);
			defaultConfigurationIsVisible = 0;
			defaultConfigurationName = Release;
		};
/* End XCConfigurationList section */
	};
	rootObject = C0F0FE953047CA280085AF71 /* Project object */;
}
